
Microsoft Visual Studio Solution File, Format Version 12.00
# Visual Studio Version 17
VisualStudioVersion = 17.10.35027.167
MinimumVisualStudioVersion = 10.0.40219.1
Project("{2150E333-8FDC-42A3-9474-1A3956D46DE8}") = "API", "API", "{D99BA747-9F2D-4D4F-A8D4-249EB9250ED3}"
EndProject
Project("{2150E333-8FDC-42A3-9474-1A3956D46DE8}") = "APPLICATION", "APPLICATION", "{703C3DE7-E5DA-4DE8-8048-558D20348588}"
EndProject
Project("{2150E333-8FDC-42A3-9474-1A3956D46DE8}") = "DOMAIN", "DOMAIN", "{16C7D942-F2B5-4294-815C-151E3279DEF2}"
EndProject
Project("{2150E333-8FDC-42A3-9474-1A3956D46DE8}") = "INFRA", "INFRA", "{3CFF3D96-17A9-4382-8ABB-CD2562E5B210}"
EndProject
Project("{2150E333-8FDC-42A3-9474-1A3956D46DE8}") = "CROSS", "CROSS", "{431AF657-3BAF-4481-989D-123C054DFF8A}"
EndProject
Project("{9A19103F-16F7-4668-BE54-9A1E7A4F7556}") = "Test.Domain", "SRC\Test.Domain\Test.Domain.csproj", "{336FE7CB-15AC-4A8C-A4FF-9402D5FFA76C}"
EndProject
Project("{9A19103F-16F7-4668-BE54-9A1E7A4F7556}") = "Test.Application", "SRC\Test.Application\Test.Application.csproj", "{84683C11-C860-4A70-9B56-A10202176A38}"
EndProject
Project("{9A19103F-16F7-4668-BE54-9A1E7A4F7556}") = "Test.Cross", "SRC\Test.Cross\Test.Cross.csproj", "{4A781491-966D-4AD6-A237-D2B2E262B5A2}"
EndProject
Project("{9A19103F-16F7-4668-BE54-9A1E7A4F7556}") = "Test.Infra", "SRC\Test.Infra\Test.Infra.csproj", "{AE917C54-DF01-4398-996C-00144A113E8E}"
EndProject
Project("{9A19103F-16F7-4668-BE54-9A1E7A4F7556}") = "Test.Api", "SRC\Test.Api\Test.Api\Test.Api.csproj", "{A6BEE6D3-A15C-4329-BEF3-946EE05D2506}"
EndProject
Global
	GlobalSection(SolutionConfigurationPlatforms) = preSolution
		Debug|Any CPU = Debug|Any CPU
		Release|Any CPU = Release|Any CPU
	EndGlobalSection
	GlobalSection(ProjectConfigurationPlatforms) = postSolution
		{336FE7CB-15AC-4A8C-A4FF-9402D5FFA76C}.Debug|Any CPU.ActiveCfg = Debug|Any CPU
		{336FE7CB-15AC-4A8C-A4FF-9402D5FFA76C}.Debug|Any CPU.Build.0 = Debug|Any CPU
		{336FE7CB-15AC-4A8C-A4FF-9402D5FFA76C}.Release|Any CPU.ActiveCfg = Release|Any CPU
		{336FE7CB-15AC-4A8C-A4FF-9402D5FFA76C}.Release|Any CPU.Build.0 = Release|Any CPU
		{84683C11-C860-4A70-9B56-A10202176A38}.Debug|Any CPU.ActiveCfg = Debug|Any CPU
		{84683C11-C860-4A70-9B56-A10202176A38}.Debug|Any CPU.Build.0 = Debug|Any CPU
		{84683C11-C860-4A70-9B56-A10202176A38}.Release|Any CPU.ActiveCfg = Release|Any CPU
		{84683C11-C860-4A70-9B56-A10202176A38}.Release|Any CPU.Build.0 = Release|Any CPU
		{4A781491-966D-4AD6-A237-D2B2E262B5A2}.Debug|Any CPU.ActiveCfg = Debug|Any CPU
		{4A781491-966D-4AD6-A237-D2B2E262B5A2}.Debug|Any CPU.Build.0 = Debug|Any CPU
		{4A781491-966D-4AD6-A237-D2B2E262B5A2}.Release|Any CPU.ActiveCfg = Release|Any CPU
		{4A781491-966D-4AD6-A237-D2B2E262B5A2}.Release|Any CPU.Build.0 = Release|Any CPU
		{AE917C54-DF01-4398-996C-00144A113E8E}.Debug|Any CPU.ActiveCfg = Debug|Any CPU
		{AE917C54-DF01-4398-996C-00144A113E8E}.Debug|Any CPU.Build.0 = Debug|Any CPU
		{AE917C54-DF01-4398-996C-00144A113E8E}.Release|Any CPU.ActiveCfg = Release|Any CPU
		{AE917C54-DF01-4398-996C-00144A113E8E}.Release|Any CPU.Build.0 = Release|Any CPU
		{A6BEE6D3-A15C-4329-BEF3-946EE05D2506}.Debug|Any CPU.ActiveCfg = Debug|Any CPU
		{A6BEE6D3-A15C-4329-BEF3-946EE05D2506}.Debug|Any CPU.Build.0 = Debug|Any CPU
		{A6BEE6D3-A15C-4329-BEF3-946EE05D2506}.Release|Any CPU.ActiveCfg = Release|Any CPU
		{A6BEE6D3-A15C-4329-BEF3-946EE05D2506}.Release|Any CPU.Build.0 = Release|Any CPU
	EndGlobalSection
	GlobalSection(SolutionProperties) = preSolution
		HideSolutionNode = FALSE
	EndGlobalSection
	GlobalSection(NestedProjects) = preSolution
		{336FE7CB-15AC-4A8C-A4FF-9402D5FFA76C} = {16C7D942-F2B5-4294-815C-151E3279DEF2}
		{84683C11-C860-4A70-9B56-A10202176A38} = {703C3DE7-E5DA-4DE8-8048-558D20348588}
		{4A781491-966D-4AD6-A237-D2B2E262B5A2} = {431AF657-3BAF-4481-989D-123C054DFF8A}
		{AE917C54-DF01-4398-996C-00144A113E8E} = {3CFF3D96-17A9-4382-8ABB-CD2562E5B210}
		{A6BEE6D3-A15C-4329-BEF3-946EE05D2506} = {D99BA747-9F2D-4D4F-A8D4-249EB9250ED3}
	EndGlobalSection
	GlobalSection(ExtensibilityGlobals) = postSolution
		SolutionGuid = {CD2C2D58-9886-4B2F-BD57-9268265B9125}
	EndGlobalSection
EndGlobal
